
Microsoft Visual Studio Solution File, Format Version 12.00
# Visual Studio Version 17
VisualStudioVersion = 17.3.32825.248
MinimumVisualStudioVersion = 10.0.40219.1
Project("{FAE04EC0-301F-11D3-BF4B-00C04F79EFBC}") = "Pruebas", "Pruebas.csproj", "{95FE4861-F707-4E2A-8C31-78BA1909CA9E}"
EndProject
Global
	GlobalSection(SolutionConfigurationPlatforms) = preSolution
		Debug|Any CPU = Debug|Any CPU
		Release|Any CPU = Release|Any CPU
	EndGlobalSection
	GlobalSection(ProjectConfigurationPlatforms) = postSolution
		{95FE4861-F707-4E2A-8C31-78BA1909CA9E}.Debug|Any CPU.ActiveCfg = Debug|Any CPU
		{95FE4861-F707-4E2A-8C31-78BA1909CA9E}.Debug|Any CPU.Build.0 = Debug|Any CPU
		{95FE4861-F707-4E2A-8C31-78BA1909CA9E}.Release|Any CPU.ActiveCfg = Release|Any CPU
		{95FE4861-F707-4E2A-8C31-78BA1909CA9E}.Release|Any CPU.Build.0 = Release|Any CPU
	EndGlobalSection
	GlobalSection(SolutionProperties) = preSolution
		HideSolutionNode = FALSE
	EndGlobalSection
	GlobalSection(ExtensibilityGlobals) = postSolution
		SolutionGuid = {96A47B99-3EA9-4899-A14C-B2CE1245E1C8}
	EndGlobalSection
EndGlobal
