
Microsoft Visual Studio Solution File, Format Version 12.00
# Visual Studio Version 17
VisualStudioVersion = 17.3.32825.248
MinimumVisualStudioVersion = 10.0.40219.1
Project("{9A19103F-16F7-4668-BE54-9A1E7A4F7556}") = "Ejercicio2", "Ejercicio2.csproj", "{D546C4CD-3ED8-4720-9BE9-34F891267722}"
EndProject
Global
	GlobalSection(SolutionConfigurationPlatforms) = preSolution
		Debug|Any CPU = Debug|Any CPU
		Release|Any CPU = Release|Any CPU
	EndGlobalSection
	GlobalSection(ProjectConfigurationPlatforms) = postSolution
		{D546C4CD-3ED8-4720-9BE9-34F891267722}.Debug|Any CPU.ActiveCfg = Debug|Any CPU
		{D546C4CD-3ED8-4720-9BE9-34F891267722}.Debug|Any CPU.Build.0 = Debug|Any CPU
		{D546C4CD-3ED8-4720-9BE9-34F891267722}.Release|Any CPU.ActiveCfg = Release|Any CPU
		{D546C4CD-3ED8-4720-9BE9-34F891267722}.Release|Any CPU.Build.0 = Release|Any CPU
	EndGlobalSection
	GlobalSection(SolutionProperties) = preSolution
		HideSolutionNode = FALSE
	EndGlobalSection
	GlobalSection(ExtensibilityGlobals) = postSolution
		SolutionGuid = {C51714A3-7E0F-4D4D-87AA-12DACB97A20C}
	EndGlobalSection
EndGlobal
