
Microsoft Visual Studio Solution File, Format Version 12.00
# Visual Studio Version 17
VisualStudioVersion = 17.3.32825.248
MinimumVisualStudioVersion = 10.0.40219.1
Project("{9A19103F-16F7-4668-BE54-9A1E7A4F7556}") = "TestServer", "TestServer\TestServer.csproj", "{6DFC538A-B1A2-46E9-A69B-967A03949703}"
EndProject
Project("{9A19103F-16F7-4668-BE54-9A1E7A4F7556}") = "TimeServer", "TestClient\TimeServer.csproj", "{2AC9D119-5936-4A5E-A6F7-8D32EDC58895}"
EndProject
Project("{9A19103F-16F7-4668-BE54-9A1E7A4F7556}") = "TimeClient", "TimeClient\TimeClient.csproj", "{A911915C-7727-4B15-A5DE-519072441BEB}"
EndProject
Project("{FAE04EC0-301F-11D3-BF4B-00C04F79EFBC}") = "Ejer2Client", "Ejer2Client\Ejer2Client.csproj", "{D6404736-9DB8-4382-9300-9667C4623DE3}"
EndProject
Project("{9A19103F-16F7-4668-BE54-9A1E7A4F7556}") = "ChatServer", "ChatServer\ChatServer.csproj", "{C5B57704-1C64-432A-9D6F-243D2547E726}"
EndProject
Project("{9A19103F-16F7-4668-BE54-9A1E7A4F7556}") = "ChatUser", "ChatUser\ChatUser.csproj", "{7D9EA8A3-3050-43F2-AE89-99415321CCC6}"
EndProject
Project("{FAE04EC0-301F-11D3-BF4B-00C04F79EFBC}") = "Wasup", "Wasup\Wasup.csproj", "{D94E62FB-2BF2-4412-BD11-B286A6F57392}"
EndProject
Project("{FAE04EC0-301F-11D3-BF4B-00C04F79EFBC}") = "ShiftServer", "ShiftServer\ShiftServer.csproj", "{883AF426-67B7-4A1C-A792-D3E7C333CB3D}"
EndProject
Global
	GlobalSection(SolutionConfigurationPlatforms) = preSolution
		Debug|Any CPU = Debug|Any CPU
		Release|Any CPU = Release|Any CPU
	EndGlobalSection
	GlobalSection(ProjectConfigurationPlatforms) = postSolution
		{6DFC538A-B1A2-46E9-A69B-967A03949703}.Debug|Any CPU.ActiveCfg = Debug|Any CPU
		{6DFC538A-B1A2-46E9-A69B-967A03949703}.Debug|Any CPU.Build.0 = Debug|Any CPU
		{6DFC538A-B1A2-46E9-A69B-967A03949703}.Release|Any CPU.ActiveCfg = Release|Any CPU
		{6DFC538A-B1A2-46E9-A69B-967A03949703}.Release|Any CPU.Build.0 = Release|Any CPU
		{2AC9D119-5936-4A5E-A6F7-8D32EDC58895}.Debug|Any CPU.ActiveCfg = Debug|Any CPU
		{2AC9D119-5936-4A5E-A6F7-8D32EDC58895}.Debug|Any CPU.Build.0 = Debug|Any CPU
		{2AC9D119-5936-4A5E-A6F7-8D32EDC58895}.Release|Any CPU.ActiveCfg = Release|Any CPU
		{2AC9D119-5936-4A5E-A6F7-8D32EDC58895}.Release|Any CPU.Build.0 = Release|Any CPU
		{A911915C-7727-4B15-A5DE-519072441BEB}.Debug|Any CPU.ActiveCfg = Debug|Any CPU
		{A911915C-7727-4B15-A5DE-519072441BEB}.Debug|Any CPU.Build.0 = Debug|Any CPU
		{A911915C-7727-4B15-A5DE-519072441BEB}.Release|Any CPU.ActiveCfg = Release|Any CPU
		{A911915C-7727-4B15-A5DE-519072441BEB}.Release|Any CPU.Build.0 = Release|Any CPU
		{D6404736-9DB8-4382-9300-9667C4623DE3}.Debug|Any CPU.ActiveCfg = Debug|Any CPU
		{D6404736-9DB8-4382-9300-9667C4623DE3}.Debug|Any CPU.Build.0 = Debug|Any CPU
		{D6404736-9DB8-4382-9300-9667C4623DE3}.Release|Any CPU.ActiveCfg = Release|Any CPU
		{D6404736-9DB8-4382-9300-9667C4623DE3}.Release|Any CPU.Build.0 = Release|Any CPU
		{C5B57704-1C64-432A-9D6F-243D2547E726}.Debug|Any CPU.ActiveCfg = Debug|Any CPU
		{C5B57704-1C64-432A-9D6F-243D2547E726}.Debug|Any CPU.Build.0 = Debug|Any CPU
		{C5B57704-1C64-432A-9D6F-243D2547E726}.Release|Any CPU.ActiveCfg = Release|Any CPU
		{C5B57704-1C64-432A-9D6F-243D2547E726}.Release|Any CPU.Build.0 = Release|Any CPU
		{7D9EA8A3-3050-43F2-AE89-99415321CCC6}.Debug|Any CPU.ActiveCfg = Debug|Any CPU
		{7D9EA8A3-3050-43F2-AE89-99415321CCC6}.Debug|Any CPU.Build.0 = Debug|Any CPU
		{7D9EA8A3-3050-43F2-AE89-99415321CCC6}.Release|Any CPU.ActiveCfg = Release|Any CPU
		{7D9EA8A3-3050-43F2-AE89-99415321CCC6}.Release|Any CPU.Build.0 = Release|Any CPU
		{D94E62FB-2BF2-4412-BD11-B286A6F57392}.Debug|Any CPU.ActiveCfg = Debug|Any CPU
		{D94E62FB-2BF2-4412-BD11-B286A6F57392}.Debug|Any CPU.Build.0 = Debug|Any CPU
		{D94E62FB-2BF2-4412-BD11-B286A6F57392}.Release|Any CPU.ActiveCfg = Release|Any CPU
		{D94E62FB-2BF2-4412-BD11-B286A6F57392}.Release|Any CPU.Build.0 = Release|Any CPU
		{883AF426-67B7-4A1C-A792-D3E7C333CB3D}.Debug|Any CPU.ActiveCfg = Debug|Any CPU
		{883AF426-67B7-4A1C-A792-D3E7C333CB3D}.Debug|Any CPU.Build.0 = Debug|Any CPU
		{883AF426-67B7-4A1C-A792-D3E7C333CB3D}.Release|Any CPU.ActiveCfg = Release|Any CPU
		{883AF426-67B7-4A1C-A792-D3E7C333CB3D}.Release|Any CPU.Build.0 = Release|Any CPU
	EndGlobalSection
	GlobalSection(SolutionProperties) = preSolution
		HideSolutionNode = FALSE
	EndGlobalSection
	GlobalSection(ExtensibilityGlobals) = postSolution
		SolutionGuid = {4DF43A11-B4CA-4A9D-A4A7-3D667404B8AC}
	EndGlobalSection
EndGlobal
