
Microsoft Visual Studio Solution File, Format Version 12.00
# Visual Studio Version 17
VisualStudioVersion = 17.3.32825.248
MinimumVisualStudioVersion = 10.0.40219.1
Project("{FAE04EC0-301F-11D3-BF4B-00C04F79EFBC}") = "Practica guiada", "Practica guiada\Practica guiada.csproj", "{08F4D7AD-9330-47DD-A0C1-6DA03D4C883A}"
EndProject
Project("{FAE04EC0-301F-11D3-BF4B-00C04F79EFBC}") = "NewTester", "NewTester\NewTester.csproj", "{218CD276-947F-4A2F-941A-3A46CA468C36}"
EndProject
Global
	GlobalSection(SolutionConfigurationPlatforms) = preSolution
		Debug|Any CPU = Debug|Any CPU
		Release|Any CPU = Release|Any CPU
	EndGlobalSection
	GlobalSection(ProjectConfigurationPlatforms) = postSolution
		{08F4D7AD-9330-47DD-A0C1-6DA03D4C883A}.Debug|Any CPU.ActiveCfg = Debug|Any CPU
		{08F4D7AD-9330-47DD-A0C1-6DA03D4C883A}.Debug|Any CPU.Build.0 = Debug|Any CPU
		{08F4D7AD-9330-47DD-A0C1-6DA03D4C883A}.Release|Any CPU.ActiveCfg = Release|Any CPU
		{08F4D7AD-9330-47DD-A0C1-6DA03D4C883A}.Release|Any CPU.Build.0 = Release|Any CPU
		{218CD276-947F-4A2F-941A-3A46CA468C36}.Debug|Any CPU.ActiveCfg = Debug|Any CPU
		{218CD276-947F-4A2F-941A-3A46CA468C36}.Debug|Any CPU.Build.0 = Debug|Any CPU
		{218CD276-947F-4A2F-941A-3A46CA468C36}.Release|Any CPU.ActiveCfg = Release|Any CPU
		{218CD276-947F-4A2F-941A-3A46CA468C36}.Release|Any CPU.Build.0 = Release|Any CPU
	EndGlobalSection
	GlobalSection(SolutionProperties) = preSolution
		HideSolutionNode = FALSE
	EndGlobalSection
	GlobalSection(ExtensibilityGlobals) = postSolution
		SolutionGuid = {7B5FFE7F-7B8E-4DFC-B56C-20F0364A7F6E}
	EndGlobalSection
EndGlobal
